// !$*UTF8*$!
{
	archiveVersion = 1;
	classes = {
	};
	objectVersion = 48;
	objects = {

/* Begin PBXBuildFile section */
		D47518B61FD82737002DF0CA /* AppDelegate.swift in Sources */ = {isa = PBXBuildFile; fileRef = D47518B51FD82737002DF0CA /* AppDelegate.swift */; };
		D47518B81FD82737002DF0CA /* ViewController.swift in Sources */ = {isa = PBXBuildFile; fileRef = D47518B71FD82737002DF0CA /* ViewController.swift */; };
		D47518BB1FD82737002DF0CA /* Main.storyboard in Resources */ = {isa = PBXBuildFile; fileRef = D47518B91FD82737002DF0CA /* Main.storyboard */; };
		D47518BD1FD82737002DF0CA /* Assets.xcassets in Resources */ = {isa = PBXBuildFile; fileRef = D47518BC1FD82737002DF0CA /* Assets.xcassets */; };
		D47518C01FD82737002DF0CA /* LaunchScreen.storyboard in Resources */ = {isa = PBXBuildFile; fileRef = D47518BE1FD82737002DF0CA /* LaunchScreen.storyboard */; };
		D47518C81FD8274F002DF0CA /* Resnet50.mlmodel in Sources */ = {isa = PBXBuildFile; fileRef = D47518C71FD8274F002DF0CA /* Resnet50.mlmodel */; };
		D47518CA1FD827E9002DF0CA /* bird.jpg in Resources */ = {isa = PBXBuildFile; fileRef = D47518C91FD827E9002DF0CA /* bird.jpg */; };
/* End PBXBuildFile section */

/* Begin PBXFileReference section */
		D47518B21FD82737002DF0CA /* MLPhoto.app */ = {isa = PBXFileReference; explicitFileType = wrapper.application; includeInIndex = 0; path = MLPhoto.app; sourceTree = BUILT_PRODUCTS_DIR; };
		D47518B51FD82737002DF0CA /* AppDelegate.swift */ = {isa = PBXFileReference; lastKnownFileType = sourcecode.swift; path = AppDelegate.swift; sourceTree = "<group>"; };
		D47518B71FD82737002DF0CA /* ViewController.swift */ = {isa = PBXFileReference; lastKnownFileType = sourcecode.swift; path = ViewController.swift; sourceTree = "<group>"; };
		D47518BA1FD82737002DF0CA /* Base */ = {isa = PBXFileReference; lastKnownFileType = file.storyboard; name = Base; path = Base.lproj/Main.storyboard; sourceTree = "<group>"; };
		D47518BC1FD82737002DF0CA /* Assets.xcassets */ = {isa = PBXFileReference; lastKnownFileType = folder.assetcatalog; path = Assets.xcassets; sourceTree = "<group>"; };
		D47518BF1FD82737002DF0CA /* Base */ = {isa = PBXFileReference; lastKnownFileType = file.storyboard; name = Base; path = Base.lproj/LaunchScreen.storyboard; sourceTree = "<group>"; };
		D47518C11FD82737002DF0CA /* Info.plist */ = {isa = PBXFileReference; lastKnownFileType = text.plist.xml; path = Info.plist; sourceTree = "<group>"; };
		D47518C71FD8274F002DF0CA /* Resnet50.mlmodel */ = {isa = PBXFileReference; lastKnownFileType = file.mlmodel; name = Resnet50.mlmodel; path = ../../../day1/AR_CML/AR_CML/Resnet50.mlmodel; sourceTree = "<group>"; };
		D47518C91FD827E9002DF0CA /* bird.jpg */ = {isa = PBXFileReference; lastKnownFileType = image.jpeg; path = bird.jpg; sourceTree = "<group>"; };
/* End PBXFileReference section */

/* Begin PBXFrameworksBuildPhase section */
		D47518AF1FD82737002DF0CA /* Frameworks */ = {
			isa = PBXFrameworksBuildPhase;
			buildActionMask = 2147483647;
			files = (
			);
			runOnlyForDeploymentPostprocessing = 0;
		};
/* End PBXFrameworksBuildPhase section */

/* Begin PBXGroup section */
		D47518A91FD82737002DF0CA = {
			isa = PBXGroup;
			children = (
				D47518B41FD82737002DF0CA /* MLPhoto */,
				D47518B31FD82737002DF0CA /* Products */,
			);
			sourceTree = "<group>";
		};
		D47518B31FD82737002DF0CA /* Products */ = {
			isa = PBXGroup;
			children = (
				D47518B21FD82737002DF0CA /* MLPhoto.app */,
			);
			name = Products;
			sourceTree = "<group>";
		};
		D47518B41FD82737002DF0CA /* MLPhoto */ = {
			isa = PBXGroup;
			children = (
				D47518C91FD827E9002DF0CA /* bird.jpg */,
				D47518C71FD8274F002DF0CA /* Resnet50.mlmodel */,
				D47518B51FD82737002DF0CA /* AppDelegate.swift */,
				D47518B71FD82737002DF0CA /* ViewController.swift */,
				D47518B91FD82737002DF0CA /* Main.storyboard */,
				D47518BC1FD82737002DF0CA /* Assets.xcassets */,
				D47518BE1FD82737002DF0CA /* LaunchScreen.storyboard */,
				D47518C11FD82737002DF0CA /* Info.plist */,
			);
			path = MLPhoto;
			sourceTree = "<group>";
		};
/* End PBXGroup section */

/* Begin PBXNativeTarget section */
		D47518B11FD82737002DF0CA /* MLPhoto */ = {
			isa = PBXNativeTarget;
			buildConfigurationList = D47518C41FD82737002DF0CA /* Build configuration list for PBXNativeTarget "MLPhoto" */;
			buildPhases = (
				D47518AE1FD82737002DF0CA /* Sources */,
				D47518AF1FD82737002DF0CA /* Frameworks */,
				D47518B01FD82737002DF0CA /* Resources */,
			);
			buildRules = (
			);
			dependencies = (
			);
			name = MLPhoto;
			productName = MLPhoto;
			productReference = D47518B21FD82737002DF0CA /* MLPhoto.app */;
			productType = "com.apple.product-type.application";
		};
/* End PBXNativeTarget section */

/* Begin PBXProject section */
		D47518AA1FD82737002DF0CA /* Project object */ = {
			isa = PBXProject;
			attributes = {
				LastSwiftUpdateCheck = 0920;
				LastUpgradeCheck = 0920;
				ORGANIZATIONNAME = iOSOR;
				TargetAttributes = {
					D47518B11FD82737002DF0CA = {
						CreatedOnToolsVersion = 9.2;
						ProvisioningStyle = Automatic;
					};
				};
			};
			buildConfigurationList = D47518AD1FD82737002DF0CA /* Build configuration list for PBXProject "MLPhoto" */;
			compatibilityVersion = "Xcode 8.0";
			developmentRegion = en;
			hasScannedForEncodings = 0;
			knownRegions = (
				en,
				Base,
			);
			mainGroup = D47518A91FD82737002DF0CA;
			productRefGroup = D47518B31FD82737002DF0CA /* Products */;
			projectDirPath = "";
			projectRoot = "";
			targets = (
				D47518B11FD82737002DF0CA /* MLPhoto */,
			);
		};
/* End PBXProject section */

/* Begin PBXResourcesBuildPhase section */
		D47518B01FD82737002DF0CA /* Resources */ = {
			isa = PBXResourcesBuildPhase;
			buildActionMask = 2147483647;
			files = (
				D47518C01FD82737002DF0CA /* LaunchScreen.storyboard in Resources */,
				D47518BD1FD82737002DF0CA /* Assets.xcassets in Resources */,
				D47518BB1FD82737002DF0CA /* Main.storyboard in Resources */,
				D47518CA1FD827E9002DF0CA /* bird.jpg in Resources */,
			);
			runOnlyForDeploymentPostprocessing = 0;
		};
/* End PBXResourcesBuildPhase section */

/* Begin PBXSourcesBuildPhase section */
		D47518AE1FD82737002DF0CA /* Sources */ = {
			isa = PBXSourcesBuildPhase;
			buildActionMask = 2147483647;
			files = (
				D47518B81FD82737002DF0CA /* ViewController.swift in Sources */,
				D47518C81FD8274F002DF0CA /* Resnet50.mlmodel in Sources */,
				D47518B61FD82737002DF0CA /* AppDelegate.swift in Sources */,
			);
			runOnlyForDeploymentPostprocessing = 0;
		};
/* End PBXSourcesBuildPhase section */

/* Begin PBXVariantGroup section */
		D47518B91FD82737002DF0CA /* Main.storyboard */ = {
			isa = PBXVariantGroup;
			children = (
				D47518BA1FD82737002DF0CA /* Base */,
			);
			name = Main.storyboard;
			sourceTree = "<group>";
		};
		D47518BE1FD82737002DF0CA /* LaunchScreen.storyboard */ = {
			isa = PBXVariantGroup;
			children = (
				D47518BF1FD82737002DF0CA /* Base */,
			);
			name = LaunchScreen.storyboard;
			sourceTree = "<group>";
		};
/* End PBXVariantGroup section */

/* Begin XCBuildConfiguration section */
		D47518C21FD82737002DF0CA /* Debug */ = {
			isa = XCBuildConfiguration;
			buildSettings = {
				ALWAYS_SEARCH_USER_PATHS = NO;
				CLANG_ANALYZER_NONNULL = YES;
				CLANG_ANALYZER_NUMBER_OBJECT_CONVERSION = YES_AGGRESSIVE;
				CLANG_CXX_LANGUAGE_STANDARD = "gnu++14";
				CLANG_CXX_LIBRARY = "libc++";
				CLANG_ENABLE_MODULES = YES;
				CLANG_ENABLE_OBJC_ARC = YES;
				CLANG_WARN_BLOCK_CAPTURE_AUTORELEASING = YES;
				CLANG_WARN_BOOL_CONVERSION = YES;
				CLANG_WARN_COMMA = YES;
				CLANG_WARN_CONSTANT_CONVERSION = YES;
				CLANG_WARN_DIRECT_OBJC_ISA_USAGE = YES_ERROR;
				CLANG_WARN_DOCUMENTATION_COMMENTS = YES;
				CLANG_WARN_EMPTY_BODY = YES;
				CLANG_WARN_ENUM_CONVERSION = YES;
				CLANG_WARN_INFINITE_RECURSION = YES;
				CLANG_WARN_INT_CONVERSION = YES;
				CLANG_WARN_NON_LITERAL_NULL_CONVERSION = YES;
				CLANG_WARN_OBJC_LITERAL_CONVERSION = YES;
				CLANG_WARN_OBJC_ROOT_CLASS = YES_ERROR;
				CLANG_WARN_RANGE_LOOP_ANALYSIS = YES;
				CLANG_WARN_STRICT_PROTOTYPES = YES;
				CLANG_WARN_SUSPICIOUS_MOVE = YES;
				CLANG_WARN_UNGUARDED_AVAILABILITY = YES_AGGRESSIVE;
				CLANG_WARN_UNREACHABLE_CODE = YES;
				CLANG_WARN__DUPLICATE_METHOD_MATCH = YES;
				CODE_SIGN_IDENTITY = "iPhone Developer";
				COPY_PHASE_STRIP = NO;
				DEBUG_INFORMATION_FORMAT = dwarf;
				ENABLE_STRICT_OBJC_MSGSEND = YES;
				ENABLE_TESTABILITY = YES;
				GCC_C_LANGUAGE_STANDARD = gnu11;
				GCC_DYNAMIC_NO_PIC = NO;
				GCC_NO_COMMON_BLOCKS = YES;
				GCC_OPTIMIZATION_LEVEL = 0;
				GCC_PREPROCESSOR_DEFINITIONS = (
					"DEBUG=1",
					"$(inherited)",
				);
				GCC_WARN_64_TO_32_BIT_CONVERSION = YES;
				GCC_WARN_ABOUT_RETURN_TYPE = YES_ERROR;
				GCC_WARN_UNDECLARED_SELECTOR = YES;
				GCC_WARN_UNINITIALIZED_AUTOS = YES_AGGRESSIVE;
				GCC_WARN_UNUSED_FUNCTION = YES;
				GCC_WARN_UNUSED_VARIABLE = YES;
				IPHONEOS_DEPLOYMENT_TARGET = 11.2;
				MTL_ENABLE_DEBUG_INFO = YES;
				ONLY_ACTIVE_ARCH = YES;
				SDKROOT = iphoneos;
				SWIFT_ACTIVE_COMPILATION_CONDITIONS = DEBUG;
				SWIFT_OPTIMIZATION_LEVEL = "-Onone";
			};
			name = Debug;
		};
		D47518C31FD82737002DF0CA /* Release */ = {
			isa = XCBuildConfiguration;
			buildSettings = {
				ALWAYS_SEARCH_USER_PATHS = NO;
				CLANG_ANALYZER_NONNULL = YES;
				CLANG_ANALYZER_NUMBER_OBJECT_CONVERSION = YES_AGGRESSIVE;
				CLANG_CXX_LANGUAGE_STANDARD = "gnu++14";
				CLANG_CXX_LIBRARY = "libc++";
				CLANG_ENABLE_MODULES = YES;
				CLANG_ENABLE_OBJC_ARC = YES;
				CLANG_WARN_BLOCK_CAPTURE_AUTORELEASING = YES;
				CLANG_WARN_BOOL_CONVERSION = YES;
				CLANG_WARN_COMMA = YES;
				CLANG_WARN_CONSTANT_CONVERSION = YES;
				CLANG_WARN_DIRECT_OBJC_ISA_USAGE = YES_ERROR;
				CLANG_WARN_DOCUMENTATION_COMMENTS = YES;
				CLANG_WARN_EMPTY_BODY = YES;
				CLANG_WARN_ENUM_CONVERSION = YES;
				CLANG_WARN_INFINITE_RECURSION = YES;
				CLANG_WARN_INT_CONVERSION = YES;
				CLANG_WARN_NON_LITERAL_NULL_CONVERSION = YES;
				CLANG_WARN_OBJC_LITERAL_CONVERSION = YES;
				CLANG_WARN_OBJC_ROOT_CLASS = YES_ERROR;
				CLANG_WARN_RANGE_LOOP_ANALYSIS = YES;
				CLANG_WARN_STRICT_PROTOTYPES = YES;
				CLANG_WARN_SUSPICIOUS_MOVE = YES;
				CLANG_WARN_UNGUARDED_AVAILABILITY = YES_AGGRESSIVE;
				CLANG_WARN_UNREACHABLE_CODE = YES;
				CLANG_WARN__DUPLICATE_METHOD_MATCH = YES;
				CODE_SIGN_IDENTITY = "iPhone Developer";
				COPY_PHASE_STRIP = NO;
				DEBUG_INFORMATION_FORMAT = "dwarf-with-dsym";
				ENABLE_NS_ASSERTIONS = NO;
				ENABLE_STRICT_OBJC_MSGSEND = YES;
				GCC_C_LANGUAGE_STANDARD = gnu11;
				GCC_NO_COMMON_BLOCKS = YES;
				GCC_WARN_64_TO_32_BIT_CONVERSION = YES;
				GCC_WARN_ABOUT_RETURN_TYPE = YES_ERROR;
				GCC_WARN_UNDECLARED_SELECTOR = YES;
				GCC_WARN_UNINITIALIZED_AUTOS = YES_AGGRESSIVE;
				GCC_WARN_UNUSED_FUNCTION = YES;
				GCC_WARN_UNUSED_VARIABLE = YES;
				IPHONEOS_DEPLOYMENT_TARGET = 11.2;
				MTL_ENABLE_DEBUG_INFO = NO;
				SDKROOT = iphoneos;
				SWIFT_OPTIMIZATION_LEVEL = "-Owholemodule";
				VALIDATE_PRODUCT = YES;
			};
			name = Release;
		};
		D47518C51FD82737002DF0CA /* Debug */ = {
			isa = XCBuildConfiguration;
			buildSettings = {
				ASSETCATALOG_COMPILER_APPICON_NAME = AppIcon;
				CODE_SIGN_STYLE = Automatic;
				DEVELOPMENT_TEAM = 3MK2KJ67U7;
				INFOPLIST_FILE = MLPhoto/Info.plist;
				LD_RUNPATH_SEARCH_PATHS = "$(inherited) @executable_path/Frameworks";
				PRODUCT_BUNDLE_IDENTIFIER = com.dami.MLPhoto;
				PRODUCT_NAME = "$(TARGET_NAME)";
				SWIFT_VERSION = 4.0;
				TARGETED_DEVICE_FAMILY = "1,2";
			};
			name = Debug;
		};
		D47518C61FD82737002DF0CA /* Release */ = {
			isa = XCBuildConfiguration;
			buildSettings = {
				ASSETCATALOG_COMPILER_APPICON_NAME = AppIcon;
				CODE_SIGN_STYLE = Automatic;
				DEVELOPMENT_TEAM = 3MK2KJ67U7;
				INFOPLIST_FILE = MLPhoto/Info.plist;
				LD_RUNPATH_SEARCH_PATHS = "$(inherited) @executable_path/Frameworks";
				PRODUCT_BUNDLE_IDENTIFIER = com.dami.MLPhoto;
				PRODUCT_NAME = "$(TARGET_NAME)";
				SWIFT_VERSION = 4.0;
				TARGETED_DEVICE_FAMILY = "1,2";
			};
			name = Release;
		};
/* End XCBuildConfiguration section */

/* Begin XCConfigurationList section */
		D47518AD1FD82737002DF0CA /* Build configuration list for PBXProject "MLPhoto" */ = {
			isa = XCConfigurationList;
			buildConfigurations = (
				D47518C21FD82737002DF0CA /* Debug */,
				D47518C31FD82737002DF0CA /* Release */,
			);
			defaultConfigurationIsVisible = 0;
			defaultConfigurationName = Release;
		};
		D47518C41FD82737002DF0CA /* Build configuration list for PBXNativeTarget "MLPhoto" */ = {
			isa = XCConfigurationList;
			buildConfigurations = (
				D47518C51FD82737002DF0CA /* Debug */,
				D47518C61FD82737002DF0CA /* Release */,
			);
			defaultConfigurationIsVisible = 0;
			defaultConfigurationName = Release;
		};
/* End XCConfigurationList section */
	};
	rootObject = D47518AA1FD82737002DF0CA /* Project object */;
}
